// !$*UTF8*$!
{
	archiveVersion = 1;
	classes = {
	};
	objectVersion = 55;
	objects = {

/* Begin PBXBuildFile section */
		CEB675972967700700E6E9C0 /* CookCademyApp.swift in Sources */ = {isa = PBXBuildFile; fileRef = CEB675962967700700E6E9C0 /* CookCademyApp.swift */; };
		CEB675992967700700E6E9C0 /* RecipesListView.swift in Sources */ = {isa = PBXBuildFile; fileRef = CEB675982967700700E6E9C0 /* RecipesListView.swift */; };
		CEB6759B2967700900E6E9C0 /* Assets.xcassets in Resources */ = {isa = PBXBuildFile; fileRef = CEB6759A2967700900E6E9C0 /* Assets.xcassets */; };
		CEB6759E2967700900E6E9C0 /* Preview Assets.xcassets in Resources */ = {isa = PBXBuildFile; fileRef = CEB6759D2967700900E6E9C0 /* Preview Assets.xcassets */; };
		CEB675A5296770D500E6E9C0 /* Recipe.swift in Sources */ = {isa = PBXBuildFile; fileRef = CEB675A4296770D500E6E9C0 /* Recipe.swift */; };
		CEB675A72967757E00E6E9C0 /* Recipe+TestRecipes.swift in Sources */ = {isa = PBXBuildFile; fileRef = CEB675A62967757E00E6E9C0 /* Recipe+TestRecipes.swift */; };
		CEB675C62968C85E00E6E9C0 /* RecipeData.swift in Sources */ = {isa = PBXBuildFile; fileRef = CEB675C52968C85E00E6E9C0 /* RecipeData.swift */; };
		CEB675D4296CAF9600E6E9C0 /* RecipeDetailView.swift in Sources */ = {isa = PBXBuildFile; fileRef = CEB675D3296CAF9600E6E9C0 /* RecipeDetailView.swift */; };
		CEB675D6296CB95A00E6E9C0 /* AppColor.swift in Sources */ = {isa = PBXBuildFile; fileRef = CEB675D5296CB95A00E6E9C0 /* AppColor.swift */; };
/* End PBXBuildFile section */

/* Begin PBXFileReference section */
		CEB675932967700700E6E9C0 /* CookCademy.app */ = {isa = PBXFileReference; explicitFileType = wrapper.application; includeInIndex = 0; path = CookCademy.app; sourceTree = BUILT_PRODUCTS_DIR; };
		CEB675962967700700E6E9C0 /* CookCademyApp.swift */ = {isa = PBXFileReference; lastKnownFileType = sourcecode.swift; path = CookCademyApp.swift; sourceTree = "<group>"; };
		CEB675982967700700E6E9C0 /* RecipesListView.swift */ = {isa = PBXFileReference; lastKnownFileType = sourcecode.swift; path = RecipesListView.swift; sourceTree = "<group>"; };
		CEB6759A2967700900E6E9C0 /* Assets.xcassets */ = {isa = PBXFileReference; lastKnownFileType = folder.assetcatalog; path = Assets.xcassets; sourceTree = "<group>"; };
		CEB6759D2967700900E6E9C0 /* Preview Assets.xcassets */ = {isa = PBXFileReference; lastKnownFileType = folder.assetcatalog; path = "Preview Assets.xcassets"; sourceTree = "<group>"; };
		CEB675A4296770D500E6E9C0 /* Recipe.swift */ = {isa = PBXFileReference; lastKnownFileType = sourcecode.swift; path = Recipe.swift; sourceTree = "<group>"; };
		CEB675A62967757E00E6E9C0 /* Recipe+TestRecipes.swift */ = {isa = PBXFileReference; lastKnownFileType = sourcecode.swift; path = "Recipe+TestRecipes.swift"; sourceTree = "<group>"; };
		CEB675C52968C85E00E6E9C0 /* RecipeData.swift */ = {isa = PBXFileReference; lastKnownFileType = sourcecode.swift; path = RecipeData.swift; sourceTree = "<group>"; };
		CEB675D3296CAF9600E6E9C0 /* RecipeDetailView.swift */ = {isa = PBXFileReference; lastKnownFileType = sourcecode.swift; path = RecipeDetailView.swift; sourceTree = "<group>"; };
		CEB675D5296CB95A00E6E9C0 /* AppColor.swift */ = {isa = PBXFileReference; lastKnownFileType = sourcecode.swift; path = AppColor.swift; sourceTree = "<group>"; };
/* End PBXFileReference section */

/* Begin PBXFrameworksBuildPhase section */
		CEB675902967700700E6E9C0 /* Frameworks */ = {
			isa = PBXFrameworksBuildPhase;
			buildActionMask = 2147483647;
			files = (
			);
			runOnlyForDeploymentPostprocessing = 0;
		};
/* End PBXFrameworksBuildPhase section */

/* Begin PBXGroup section */
		CEB6758A2967700700E6E9C0 = {
			isa = PBXGroup;
			children = (
				CEB675952967700700E6E9C0 /* CookCademy */,
				CEB675942967700700E6E9C0 /* Products */,
			);
			sourceTree = "<group>";
		};
		CEB675942967700700E6E9C0 /* Products */ = {
			isa = PBXGroup;
			children = (
				CEB675932967700700E6E9C0 /* CookCademy.app */,
			);
			name = Products;
			sourceTree = "<group>";
		};
		CEB675952967700700E6E9C0 /* CookCademy */ = {
			isa = PBXGroup;
			children = (
				CEB675C32968C6D700E6E9C0 /* ViewModels */,
				CEB675C42968C6E500E6E9C0 /* Views */,
				CEB675C22968C6C600E6E9C0 /* Models */,
				CEB6759A2967700900E6E9C0 /* Assets.xcassets */,
				CEB675962967700700E6E9C0 /* CookCademyApp.swift */,
				CEB6759C2967700900E6E9C0 /* Preview Content */,
			);
			path = CookCademy;
			sourceTree = "<group>";
		};
		CEB6759C2967700900E6E9C0 /* Preview Content */ = {
			isa = PBXGroup;
			children = (
				CEB6759D2967700900E6E9C0 /* Preview Assets.xcassets */,
			);
			path = "Preview Content";
			sourceTree = "<group>";
		};
		CEB675C22968C6C600E6E9C0 /* Models */ = {
			isa = PBXGroup;
			children = (
				CEB675A4296770D500E6E9C0 /* Recipe.swift */,
				CEB675A62967757E00E6E9C0 /* Recipe+TestRecipes.swift */,
			);
			path = Models;
			sourceTree = "<group>";
		};
		CEB675C32968C6D700E6E9C0 /* ViewModels */ = {
			isa = PBXGroup;
			children = (
				CEB675C52968C85E00E6E9C0 /* RecipeData.swift */,
				CEB675D5296CB95A00E6E9C0 /* AppColor.swift */,
			);
			path = ViewModels;
			sourceTree = "<group>";
		};
		CEB675C42968C6E500E6E9C0 /* Views */ = {
			isa = PBXGroup;
			children = (
				CEB675982967700700E6E9C0 /* RecipesListView.swift */,
				CEB675D3296CAF9600E6E9C0 /* RecipeDetailView.swift */,
			);
			path = Views;
			sourceTree = "<group>";
		};
/* End PBXGroup section */

/* Begin PBXNativeTarget section */
		CEB675922967700700E6E9C0 /* CookCademy */ = {
			isa = PBXNativeTarget;
			buildConfigurationList = CEB675A12967700900E6E9C0 /* Build configuration list for PBXNativeTarget "CookCademy" */;
			buildPhases = (
				CEB6758F2967700700E6E9C0 /* Sources */,
				CEB675902967700700E6E9C0 /* Frameworks */,
				CEB675912967700700E6E9C0 /* Resources */,
			);
			buildRules = (
			);
			dependencies = (
			);
			name = CookCademy;
			productName = CookCademy;
			productReference = CEB675932967700700E6E9C0 /* CookCademy.app */;
			productType = "com.apple.product-type.application";
		};
/* End PBXNativeTarget section */

/* Begin PBXProject section */
		CEB6758B2967700700E6E9C0 /* Project object */ = {
			isa = PBXProject;
			attributes = {
				BuildIndependentTargetsInParallel = 1;
				LastSwiftUpdateCheck = 1340;
				LastUpgradeCheck = 1340;
				TargetAttributes = {
					CEB675922967700700E6E9C0 = {
						CreatedOnToolsVersion = 13.4.1;
					};
				};
			};
			buildConfigurationList = CEB6758E2967700700E6E9C0 /* Build configuration list for PBXProject "CookCademy" */;
			compatibilityVersion = "Xcode 13.0";
			developmentRegion = en;
			hasScannedForEncodings = 0;
			knownRegions = (
				en,
				Base,
			);
			mainGroup = CEB6758A2967700700E6E9C0;
			productRefGroup = CEB675942967700700E6E9C0 /* Products */;
			projectDirPath = "";
			projectRoot = "";
			targets = (
				CEB675922967700700E6E9C0 /* CookCademy */,
			);
		};
/* End PBXProject section */

/* Begin PBXResourcesBuildPhase section */
		CEB675912967700700E6E9C0 /* Resources */ = {
			isa = PBXResourcesBuildPhase;
			buildActionMask = 2147483647;
			files = (
				CEB6759E2967700900E6E9C0 /* Preview Assets.xcassets in Resources */,
				CEB6759B2967700900E6E9C0 /* Assets.xcassets in Resources */,
			);
			runOnlyForDeploymentPostprocessing = 0;
		};
/* End PBXResourcesBuildPhase section */

/* Begin PBXSourcesBuildPhase section */
		CEB6758F2967700700E6E9C0 /* Sources */ = {
			isa = PBXSourcesBuildPhase;
			buildActionMask = 2147483647;
			files = (
				CEB675A5296770D500E6E9C0 /* Recipe.swift in Sources */,
				CEB675D4296CAF9600E6E9C0 /* RecipeDetailView.swift in Sources */,
				CEB675992967700700E6E9C0 /* RecipesListView.swift in Sources */,
				CEB675D6296CB95A00E6E9C0 /* AppColor.swift in Sources */,
				CEB675C62968C85E00E6E9C0 /* RecipeData.swift in Sources */,
				CEB675972967700700E6E9C0 /* CookCademyApp.swift in Sources */,
				CEB675A72967757E00E6E9C0 /* Recipe+TestRecipes.swift in Sources */,
			);
			runOnlyForDeploymentPostprocessing = 0;
		};
/* End PBXSourcesBuildPhase section */

/* Begin XCBuildConfiguration section */
		CEB6759F2967700900E6E9C0 /* Debug */ = {
			isa = XCBuildConfiguration;
			buildSettings = {
				ALWAYS_SEARCH_USER_PATHS = NO;
				CLANG_ANALYZER_NONNULL = YES;
				CLANG_ANALYZER_NUMBER_OBJECT_CONVERSION = YES_AGGRESSIVE;
				CLANG_CXX_LANGUAGE_STANDARD = "gnu++17";
				CLANG_ENABLE_MODULES = YES;
				CLANG_ENABLE_OBJC_ARC = YES;
				CLANG_ENABLE_OBJC_WEAK = YES;
				CLANG_WARN_BLOCK_CAPTURE_AUTORELEASING = YES;
				CLANG_WARN_BOOL_CONVERSION = YES;
				CLANG_WARN_COMMA = YES;
				CLANG_WARN_CONSTANT_CONVERSION = YES;
				CLANG_WARN_DEPRECATED_OBJC_IMPLEMENTATIONS = YES;
				CLANG_WARN_DIRECT_OBJC_ISA_USAGE = YES_ERROR;
				CLANG_WARN_DOCUMENTATION_COMMENTS = YES;
				CLANG_WARN_EMPTY_BODY = YES;
				CLANG_WARN_ENUM_CONVERSION = YES;
				CLANG_WARN_INFINITE_RECURSION = YES;
				CLANG_WARN_INT_CONVERSION = YES;
				CLANG_WARN_NON_LITERAL_NULL_CONVERSION = YES;
				CLANG_WARN_OBJC_IMPLICIT_RETAIN_SELF = YES;
				CLANG_WARN_OBJC_LITERAL_CONVERSION = YES;
				CLANG_WARN_OBJC_ROOT_CLASS = YES_ERROR;
				CLANG_WARN_QUOTED_INCLUDE_IN_FRAMEWORK_HEADER = YES;
				CLANG_WARN_RANGE_LOOP_ANALYSIS = YES;
				CLANG_WARN_STRICT_PROTOTYPES = YES;
				CLANG_WARN_SUSPICIOUS_MOVE = YES;
				CLANG_WARN_UNGUARDED_AVAILABILITY = YES_AGGRESSIVE;
				CLANG_WARN_UNREACHABLE_CODE = YES;
				CLANG_WARN__DUPLICATE_METHOD_MATCH = YES;
				COPY_PHASE_STRIP = NO;
				DEBUG_INFORMATION_FORMAT = dwarf;
				ENABLE_STRICT_OBJC_MSGSEND = YES;
				ENABLE_TESTABILITY = YES;
				GCC_C_LANGUAGE_STANDARD = gnu11;
				GCC_DYNAMIC_NO_PIC = NO;
				GCC_NO_COMMON_BLOCKS = YES;
				GCC_OPTIMIZATION_LEVEL = 0;
				GCC_PREPROCESSOR_DEFINITIONS = (
					"DEBUG=1",
					"$(inherited)",
				);
				GCC_WARN_64_TO_32_BIT_CONVERSION = YES;
				GCC_WARN_ABOUT_RETURN_TYPE = YES_ERROR;
				GCC_WARN_UNDECLARED_SELECTOR = YES;
				GCC_WARN_UNINITIALIZED_AUTOS = YES_AGGRESSIVE;
				GCC_WARN_UNUSED_FUNCTION = YES;
				GCC_WARN_UNUSED_VARIABLE = YES;
				IPHONEOS_DEPLOYMENT_TARGET = 15.5;
				MTL_ENABLE_DEBUG_INFO = INCLUDE_SOURCE;
				MTL_FAST_MATH = YES;
				ONLY_ACTIVE_ARCH = YES;
				SDKROOT = iphoneos;
				SWIFT_ACTIVE_COMPILATION_CONDITIONS = DEBUG;
				SWIFT_OPTIMIZATION_LEVEL = "-Onone";
			};
			name = Debug;
		};
		CEB675A02967700900E6E9C0 /* Release */ = {
			isa = XCBuildConfiguration;
			buildSettings = {
				ALWAYS_SEARCH_USER_PATHS = NO;
				CLANG_ANALYZER_NONNULL = YES;
				CLANG_ANALYZER_NUMBER_OBJECT_CONVERSION = YES_AGGRESSIVE;
				CLANG_CXX_LANGUAGE_STANDARD = "gnu++17";
				CLANG_ENABLE_MODULES = YES;
				CLANG_ENABLE_OBJC_ARC = YES;
				CLANG_ENABLE_OBJC_WEAK = YES;
				CLANG_WARN_BLOCK_CAPTURE_AUTORELEASING = YES;
				CLANG_WARN_BOOL_CONVERSION = YES;
				CLANG_WARN_COMMA = YES;
				CLANG_WARN_CONSTANT_CONVERSION = YES;
				CLANG_WARN_DEPRECATED_OBJC_IMPLEMENTATIONS = YES;
				CLANG_WARN_DIRECT_OBJC_ISA_USAGE = YES_ERROR;
				CLANG_WARN_DOCUMENTATION_COMMENTS = YES;
				CLANG_WARN_EMPTY_BODY = YES;
				CLANG_WARN_ENUM_CONVERSION = YES;
				CLANG_WARN_INFINITE_RECURSION = YES;
				CLANG_WARN_INT_CONVERSION = YES;
				CLANG_WARN_NON_LITERAL_NULL_CONVERSION = YES;
				CLANG_WARN_OBJC_IMPLICIT_RETAIN_SELF = YES;
				CLANG_WARN_OBJC_LITERAL_CONVERSION = YES;
				CLANG_WARN_OBJC_ROOT_CLASS = YES_ERROR;
				CLANG_WARN_QUOTED_INCLUDE_IN_FRAMEWORK_HEADER = YES;
				CLANG_WARN_RANGE_LOOP_ANALYSIS = YES;
				CLANG_WARN_STRICT_PROTOTYPES = YES;
				CLANG_WARN_SUSPICIOUS_MOVE = YES;
				CLANG_WARN_UNGUARDED_AVAILABILITY = YES_AGGRESSIVE;
				CLANG_WARN_UNREACHABLE_CODE = YES;
				CLANG_WARN__DUPLICATE_METHOD_MATCH = YES;
				COPY_PHASE_STRIP = NO;
				DEBUG_INFORMATION_FORMAT = "dwarf-with-dsym";
				ENABLE_NS_ASSERTIONS = NO;
				ENABLE_STRICT_OBJC_MSGSEND = YES;
				GCC_C_LANGUAGE_STANDARD = gnu11;
				GCC_NO_COMMON_BLOCKS = YES;
				GCC_WARN_64_TO_32_BIT_CONVERSION = YES;
				GCC_WARN_ABOUT_RETURN_TYPE = YES_ERROR;
				GCC_WARN_UNDECLARED_SELECTOR = YES;
				GCC_WARN_UNINITIALIZED_AUTOS = YES_AGGRESSIVE;
				GCC_WARN_UNUSED_FUNCTION = YES;
				GCC_WARN_UNUSED_VARIABLE = YES;
				IPHONEOS_DEPLOYMENT_TARGET = 15.5;
				MTL_ENABLE_DEBUG_INFO = NO;
				MTL_FAST_MATH = YES;
				SDKROOT = iphoneos;
				SWIFT_COMPILATION_MODE = wholemodule;
				SWIFT_OPTIMIZATION_LEVEL = "-O";
				VALIDATE_PRODUCT = YES;
			};
			name = Release;
		};
		CEB675A22967700900E6E9C0 /* Debug */ = {
			isa = XCBuildConfiguration;
			buildSettings = {
				ASSETCATALOG_COMPILER_APPICON_NAME = AppIcon;
				ASSETCATALOG_COMPILER_GLOBAL_ACCENT_COLOR_NAME = AccentColor;
				CODE_SIGN_STYLE = Automatic;
				CURRENT_PROJECT_VERSION = 1;
				DEVELOPMENT_ASSET_PATHS = "\"CookCademy/Preview Content\"";
				DEVELOPMENT_TEAM = D3YH7NBG32;
				ENABLE_PREVIEWS = YES;
				GENERATE_INFOPLIST_FILE = YES;
				INFOPLIST_KEY_UIApplicationSceneManifest_Generation = YES;
				INFOPLIST_KEY_UIApplicationSupportsIndirectInputEvents = YES;
				INFOPLIST_KEY_UILaunchScreen_Generation = YES;
				INFOPLIST_KEY_UISupportedInterfaceOrientations_iPad = "UIInterfaceOrientationPortrait UIInterfaceOrientationPortraitUpsideDown UIInterfaceOrientationLandscapeLeft UIInterfaceOrientationLandscapeRight";
				INFOPLIST_KEY_UISupportedInterfaceOrientations_iPhone = "UIInterfaceOrientationPortrait UIInterfaceOrientationLandscapeLeft UIInterfaceOrientationLandscapeRight";
				LD_RUNPATH_SEARCH_PATHS = (
					"$(inherited)",
					"@executable_path/Frameworks",
				);
				MARKETING_VERSION = 1.0;
				PRODUCT_BUNDLE_IDENTIFIER = com.patriciacarlos.CookCademy;
				PRODUCT_NAME = "$(TARGET_NAME)";
				SWIFT_EMIT_LOC_STRINGS = YES;
				SWIFT_VERSION = 5.0;
				TARGETED_DEVICE_FAMILY = "1,2";
			};
			name = Debug;
		};
		CEB675A32967700900E6E9C0 /* Release */ = {
			isa = XCBuildConfiguration;
			buildSettings = {
				ASSETCATALOG_COMPILER_APPICON_NAME = AppIcon;
				ASSETCATALOG_COMPILER_GLOBAL_ACCENT_COLOR_NAME = AccentColor;
				CODE_SIGN_STYLE = Automatic;
				CURRENT_PROJECT_VERSION = 1;
				DEVELOPMENT_ASSET_PATHS = "\"CookCademy/Preview Content\"";
				DEVELOPMENT_TEAM = D3YH7NBG32;
				ENABLE_PREVIEWS = YES;
				GENERATE_INFOPLIST_FILE = YES;
				INFOPLIST_KEY_UIApplicationSceneManifest_Generation = YES;
				INFOPLIST_KEY_UIApplicationSupportsIndirectInputEvents = YES;
				INFOPLIST_KEY_UILaunchScreen_Generation = YES;
				INFOPLIST_KEY_UISupportedInterfaceOrientations_iPad = "UIInterfaceOrientationPortrait UIInterfaceOrientationPortraitUpsideDown UIInterfaceOrientationLandscapeLeft UIInterfaceOrientationLandscapeRight";
				INFOPLIST_KEY_UISupportedInterfaceOrientations_iPhone = "UIInterfaceOrientationPortrait UIInterfaceOrientationLandscapeLeft UIInterfaceOrientationLandscapeRight";
				LD_RUNPATH_SEARCH_PATHS = (
					"$(inherited)",
					"@executable_path/Frameworks",
				);
				MARKETING_VERSION = 1.0;
				PRODUCT_BUNDLE_IDENTIFIER = com.patriciacarlos.CookCademy;
				PRODUCT_NAME = "$(TARGET_NAME)";
				SWIFT_EMIT_LOC_STRINGS = YES;
				SWIFT_VERSION = 5.0;
				TARGETED_DEVICE_FAMILY = "1,2";
			};
			name = Release;
		};
/* End XCBuildConfiguration section */

/* Begin XCConfigurationList section */
		CEB6758E2967700700E6E9C0 /* Build configuration list for PBXProject "CookCademy" */ = {
			isa = XCConfigurationList;
			buildConfigurations = (
				CEB6759F2967700900E6E9C0 /* Debug */,
				CEB675A02967700900E6E9C0 /* Release */,
			);
			defaultConfigurationIsVisible = 0;
			defaultConfigurationName = Release;
		};
		CEB675A12967700900E6E9C0 /* Build configuration list for PBXNativeTarget "CookCademy" */ = {
			isa = XCConfigurationList;
			buildConfigurations = (
				CEB675A22967700900E6E9C0 /* Debug */,
				CEB675A32967700900E6E9C0 /* Release */,
			);
			defaultConfigurationIsVisible = 0;
			defaultConfigurationName = Release;
		};
/* End XCConfigurationList section */
	};
	rootObject = CEB6758B2967700700E6E9C0 /* Project object */;
}
